{
  "requires": true,
  "lockfileVersion": 1,
  "dependencies": {
    "types-registry": {
      "version": "0.1.641",
      "resolved": "https://registry.npmjs.org/types-registry/-/types-registry-0.1.641.tgz",
      "integrity": "sha512-pqRNjtZlD+7MtTvvUfgfsFEhqQ2utw6GY7fJbW/2ivAuG5zAYjnWIskUirlhQl48CoDBDewZ6TjVB8z80hQeVA=="
    }
  }
}
